github.com/hashicorp/errwrap v1.0.0/go.mod h1:YH+1FKiLXxHSkmPseP+kNlulaMuP3n2brvKWEqk/Jc4=
github.com/hashicorp/errwrap v1.1.0 h1:OxrOeh75EUXMY8TBjag2fzXGZ40LB6IKw45YeGUDY2I=
github.com/hashicorp/errwrap v1.1.0/go.mod h1:YH+1FKiLXxHSkmPseP+kNlulaMuP3n2brvKWEqk/Jc4=
github.com/hashicorp/go-multierror v1.1.1 h1:H5DkEtf6CXdFp0N0Em5UCwQpXMWke8IA0+lD48awMYo=
github.com/hashicorp/go-multierror v1.1.1/go.mod h1:iw975J/qwKPdAO1clOe2L8331t/9/fmwbPZ6JB6eMoM=
github.com/logrusorgru/aurora v2.0.3+incompatible h1:tOpm7WcpBTn4fjmVfgpQq0EfczGlG91VSDkswnjF5A8=
github.com/logrusorgru/aurora v2.0.3+incompatible/go.mod h1:7rIyQOR62GCctdiQpZ/zOJlFyk6y+94wXzv6RNZgaR4=
github.com/spf13/pflag v1.0.5 h1:iy+VFUOCP1a+8yFto/drg2CJ5u0yRoB7fZw3DKv/JXA=
github.com/spf13/pflag v1.0.5/go.mod h1:McXfInJRrz4CZXVZOBLb0bTZqETkiAhM9Iw0y3An2Bg=
github.com/tetratelabs/multierror v1.1.1 h1:84JfJvfmnYC5y4877Ag3c4PkCUmQwq6sGI6iRfBATKI=
github.com/tetratelabs/multierror v1.1.1/go.mod h1:hAyQ/XifPOPdb0x3GsowbjsjCPgT9Fsxjety9TxmuGY=
github.com/tetratelabs/run v0.3.0 h1:Oc3Ae4I9JRRdslaTV73aiZvkKoPd/02iqCpyVk5QKcA=
github.com/tetratelabs/run v0.3.0/go.mod h1:WYzjp0V1JXlD3n0uZyC/hzRuJtrl7TaSrfQcXs5QM1A=
github.com/tetratelabs/telemetry v0.7.1 h1:IiDiiZgShKlHjPFgCAE6ZD4URH3r8yj7SDAEN/ImHYA=
github.com/tetratelabs/telemetry v0.7.1/go.mod h1:jDUcf1A2u4F5V1io5RdipM/bKz/hFCsx/RAgGopC37s=
